
Microsoft Visual Studio Solution File, Format Version 12.00
# Visual Studio Version 17
VisualStudioVersion = 17.3.32929.385
MinimumVisualStudioVersion = 10.0.40219.1
Project("{8BC9CEB8-8B4A-11D0-8D11-00A0C91BC942}") = "Laboratorna 7_2 rec", "Laboratorna 7_2 rec\Laboratorna 7_2 rec.vcxproj", "{54B7CC26-2003-4C63-846B-86E5A1906556}"
EndProject
Project("{8BC9CEB8-8B4A-11D0-8D11-00A0C91BC942}") = "UnitTest_for_7_2", "UnitTest_for_7_2\UnitTest_for_7_2.vcxproj", "{80B8B0FC-C8D2-401E-B2CE-66BC728AA761}"
EndProject
Global
	GlobalSection(SolutionConfigurationPlatforms) = preSolution
		Debug|x64 = Debug|x64
		Debug|x86 = Debug|x86
		Release|x64 = Release|x64
		Release|x86 = Release|x86
	EndGlobalSection
	GlobalSection(ProjectConfigurationPlatforms) = postSolution
		{54B7CC26-2003-4C63-846B-86E5A1906556}.Debug|x64.ActiveCfg = Debug|x64
		{54B7CC26-2003-4C63-846B-86E5A1906556}.Debug|x64.Build.0 = Debug|x64
		{54B7CC26-2003-4C63-846B-86E5A1906556}.Debug|x86.ActiveCfg = Debug|Win32
		{54B7CC26-2003-4C63-846B-86E5A1906556}.Debug|x86.Build.0 = Debug|Win32
		{54B7CC26-2003-4C63-846B-86E5A1906556}.Release|x64.ActiveCfg = Release|x64
		{54B7CC26-2003-4C63-846B-86E5A1906556}.Release|x64.Build.0 = Release|x64
		{54B7CC26-2003-4C63-846B-86E5A1906556}.Release|x86.ActiveCfg = Release|Win32
		{54B7CC26-2003-4C63-846B-86E5A1906556}.Release|x86.Build.0 = Release|Win32
		{80B8B0FC-C8D2-401E-B2CE-66BC728AA761}.Debug|x64.ActiveCfg = Debug|x64
		{80B8B0FC-C8D2-401E-B2CE-66BC728AA761}.Debug|x64.Build.0 = Debug|x64
		{80B8B0FC-C8D2-401E-B2CE-66BC728AA761}.Debug|x86.ActiveCfg = Debug|Win32
		{80B8B0FC-C8D2-401E-B2CE-66BC728AA761}.Debug|x86.Build.0 = Debug|Win32
		{80B8B0FC-C8D2-401E-B2CE-66BC728AA761}.Release|x64.ActiveCfg = Release|x64
		{80B8B0FC-C8D2-401E-B2CE-66BC728AA761}.Release|x64.Build.0 = Release|x64
		{80B8B0FC-C8D2-401E-B2CE-66BC728AA761}.Release|x86.ActiveCfg = Release|Win32
		{80B8B0FC-C8D2-401E-B2CE-66BC728AA761}.Release|x86.Build.0 = Release|Win32
	EndGlobalSection
	GlobalSection(SolutionProperties) = preSolution
		HideSolutionNode = FALSE
	EndGlobalSection
	GlobalSection(ExtensibilityGlobals) = postSolution
		SolutionGuid = {EAFC9246-65AC-4F95-8158-5F624223EED7}
	EndGlobalSection
EndGlobal
